
Microsoft Visual Studio Solution File, Format Version 12.00
# Visual Studio Version 17
VisualStudioVersion = 17.4.33205.214
MinimumVisualStudioVersion = 10.0.40219.1
Project("{FAE04EC0-301F-11D3-BF4B-00C04F79EFBC}") = "CRUD", "CRUD\CRUD.csproj", "{BB1094CF-AC3B-4C3F-AC40-1C71193B8192}"
EndProject
Global
	GlobalSection(SolutionConfigurationPlatforms) = preSolution
		Debug|Any CPU = Debug|Any CPU
		Release|Any CPU = Release|Any CPU
	EndGlobalSection
	GlobalSection(ProjectConfigurationPlatforms) = postSolution
		{BB1094CF-AC3B-4C3F-AC40-1C71193B8192}.Debug|Any CPU.ActiveCfg = Debug|Any CPU
		{BB1094CF-AC3B-4C3F-AC40-1C71193B8192}.Debug|Any CPU.Build.0 = Debug|Any CPU
		{BB1094CF-AC3B-4C3F-AC40-1C71193B8192}.Release|Any CPU.ActiveCfg = Release|Any CPU
		{BB1094CF-AC3B-4C3F-AC40-1C71193B8192}.Release|Any CPU.Build.0 = Release|Any CPU
	EndGlobalSection
	GlobalSection(SolutionProperties) = preSolution
		HideSolutionNode = FALSE
	EndGlobalSection
	GlobalSection(ExtensibilityGlobals) = postSolution
		SolutionGuid = {FC7CB0AE-B184-4998-8F41-7EA5B1B09A53}
	EndGlobalSection
EndGlobal
